
Microsoft Visual Studio Solution File, Format Version 12.00
# Visual Studio Version 17
VisualStudioVersion = 17.8.34330.188
MinimumVisualStudioVersion = 10.0.40219.1
Project("{13B669BE-BB05-4DDF-9536-439F39A36129}") = "Fullstack CRUD", "Fullstack CRUD.phpproj", "{091C714D-7589-413D-A8A0-5E0B9C8BD510}"
EndProject
Global
	GlobalSection(SolutionConfigurationPlatforms) = preSolution
		Debug|Any CPU = Debug|Any CPU
		Release|Any CPU = Release|Any CPU
	EndGlobalSection
	GlobalSection(ProjectConfigurationPlatforms) = postSolution
		{091C714D-7589-413D-A8A0-5E0B9C8BD510}.Debug|Any CPU.ActiveCfg = Debug|Any CPU
		{091C714D-7589-413D-A8A0-5E0B9C8BD510}.Debug|Any CPU.Build.0 = Debug|Any CPU
		{091C714D-7589-413D-A8A0-5E0B9C8BD510}.Release|Any CPU.ActiveCfg = Release|Any CPU
		{091C714D-7589-413D-A8A0-5E0B9C8BD510}.Release|Any CPU.Build.0 = Release|Any CPU
	EndGlobalSection
	GlobalSection(SolutionProperties) = preSolution
		HideSolutionNode = FALSE
	EndGlobalSection
	GlobalSection(ExtensibilityGlobals) = postSolution
		SolutionGuid = {C245961D-4A42-4A3B-AC2D-604CCCC74EE0}
	EndGlobalSection
EndGlobal
